
Microsoft Visual Studio Solution File, Format Version 12.00
# Visual Studio 15
VisualStudioVersion = 15.0.26730.16
MinimumVisualStudioVersion = 10.0.40219.1
Project("{FAE04EC0-301F-11D3-BF4B-00C04F79EFBC}") = "RESYS.WEB", "RESYS.WEB\RESYS.WEB.csproj", "{01F2D5D1-DCEC-4BB5-B5A1-3643B52D6B82}"
EndProject
Project("{FAE04EC0-301F-11D3-BF4B-00C04F79EFBC}") = "RESYS.BIZ", "RESYS.BIZ\RESYS.BIZ.csproj", "{F9F3A290-8648-48E2-80AD-7291D6924BE0}"
EndProject
Global
	GlobalSection(SolutionConfigurationPlatforms) = preSolution
		Debug|Any CPU = Debug|Any CPU
		Release|Any CPU = Release|Any CPU
	EndGlobalSection
	GlobalSection(ProjectConfigurationPlatforms) = postSolution
		{01F2D5D1-DCEC-4BB5-B5A1-3643B52D6B82}.Debug|Any CPU.ActiveCfg = Debug|Any CPU
		{01F2D5D1-DCEC-4BB5-B5A1-3643B52D6B82}.Debug|Any CPU.Build.0 = Debug|Any CPU
		{01F2D5D1-DCEC-4BB5-B5A1-3643B52D6B82}.Release|Any CPU.ActiveCfg = Release|Any CPU
		{01F2D5D1-DCEC-4BB5-B5A1-3643B52D6B82}.Release|Any CPU.Build.0 = Release|Any CPU
		{F9F3A290-8648-48E2-80AD-7291D6924BE0}.Debug|Any CPU.ActiveCfg = Debug|Any CPU
		{F9F3A290-8648-48E2-80AD-7291D6924BE0}.Debug|Any CPU.Build.0 = Debug|Any CPU
		{F9F3A290-8648-48E2-80AD-7291D6924BE0}.Release|Any CPU.ActiveCfg = Release|Any CPU
		{F9F3A290-8648-48E2-80AD-7291D6924BE0}.Release|Any CPU.Build.0 = Release|Any CPU
	EndGlobalSection
	GlobalSection(SolutionProperties) = preSolution
		HideSolutionNode = FALSE
	EndGlobalSection
	GlobalSection(ExtensibilityGlobals) = postSolution
		SolutionGuid = {E7A528BA-23BF-4C85-AFF0-27EAC7581315}
	EndGlobalSection
EndGlobal
